{
  "name": "@tpp/call-ms",
  "version": "2.0.0",
  "lockfileVersion": 1,
  "requires": true,
  "dependencies": {
    "@tpp/hybrid-logical-clock": {
      "version": "1.0.0",
      "resolved": "https://registry.npmjs.org/@tpp/hybrid-logical-clock/-/hybrid-logical-clock-1.0.0.tgz",
      "integrity": "sha512-BZ9UxH/fCTnbrEUbYZKmDI78aozmQSJSt9ZaT/WhMct/8DROq4fLK9dCx4tG2KO+7WHN/bPSeX7LzGSC7ZTv0A==",
      "requires": {
        "@tpp/simple-uuid": "^1.0.0"
      }
    },
    "@tpp/simple-uuid": {
      "version": "1.0.0",
      "resolved": "https://registry.npmjs.org/@tpp/simple-uuid/-/simple-uuid-1.0.0.tgz",
      "integrity": "sha512-iax8hrzOMuysVuU4nMTLGg1uarHdF3X3LbxBpTjgy2xdoAxoaxJEl2yX3HDwRLnB9OdT4HKHv7oD45q/1tIs/w=="
    }
  }
}
